
Microsoft Visual Studio Solution File, Format Version 12.00
# Visual Studio Version 16
VisualStudioVersion = 16.0.30011.22
MinimumVisualStudioVersion = 10.0.40219.1
Project("{FAE04EC0-301F-11D3-BF4B-00C04F79EFBC}") = "MarkDownLabel", "MarkDownLabel.csproj", "{1D62D242-7BD7-4D91-A0CC-74533A885081}"
EndProject
Global
	GlobalSection(SolutionConfigurationPlatforms) = preSolution
		Debug|Any CPU = Debug|Any CPU
		Release|Any CPU = Release|Any CPU
	EndGlobalSection
	GlobalSection(ProjectConfigurationPlatforms) = postSolution
		{1D62D242-7BD7-4D91-A0CC-74533A885081}.Debug|Any CPU.ActiveCfg = Debug|Any CPU
		{1D62D242-7BD7-4D91-A0CC-74533A885081}.Debug|Any CPU.Build.0 = Debug|Any CPU
		{1D62D242-7BD7-4D91-A0CC-74533A885081}.Release|Any CPU.ActiveCfg = Release|Any CPU
		{1D62D242-7BD7-4D91-A0CC-74533A885081}.Release|Any CPU.Build.0 = Release|Any CPU
	EndGlobalSection
	GlobalSection(SolutionProperties) = preSolution
		HideSolutionNode = FALSE
	EndGlobalSection
	GlobalSection(ExtensibilityGlobals) = postSolution
		SolutionGuid = {1BF2ABBB-98CE-4C04-876A-7F27C85F477B}
	EndGlobalSection
EndGlobal
